
Microsoft Visual Studio Solution File, Format Version 12.00
# Visual Studio Version 17
VisualStudioVersion = 17.11.35303.130
MinimumVisualStudioVersion = 10.0.40219.1
Project("{FAE04EC0-301F-11D3-BF4B-00C04F79EFBC}") = "Server-Asp.Net_Core", "Server-Asp.Net_Core\Server-Asp.Net_Core.csproj", "{FD9D3B7C-F916-4F1B-94E3-37497C95EA92}"
EndProject
Global
	GlobalSection(SolutionConfigurationPlatforms) = preSolution
		Debug|Any CPU = Debug|Any CPU
		Release|Any CPU = Release|Any CPU
	EndGlobalSection
	GlobalSection(ProjectConfigurationPlatforms) = postSolution
		{FD9D3B7C-F916-4F1B-94E3-37497C95EA92}.Debug|Any CPU.ActiveCfg = Debug|Any CPU
		{FD9D3B7C-F916-4F1B-94E3-37497C95EA92}.Debug|Any CPU.Build.0 = Debug|Any CPU
		{FD9D3B7C-F916-4F1B-94E3-37497C95EA92}.Release|Any CPU.ActiveCfg = Release|Any CPU
		{FD9D3B7C-F916-4F1B-94E3-37497C95EA92}.Release|Any CPU.Build.0 = Release|Any CPU
	EndGlobalSection
	GlobalSection(SolutionProperties) = preSolution
		HideSolutionNode = FALSE
	EndGlobalSection
	GlobalSection(ExtensibilityGlobals) = postSolution
		SolutionGuid = {4275E284-2A7D-4F6B-8CA5-732F5819B77A}
	EndGlobalSection
EndGlobal
